
Microsoft Visual Studio Solution File, Format Version 12.00
# Visual Studio 15
Project("{FAE04EC0-301F-11D3-BF4B-00C04F79EFBC}") = "Assembly-CSharp", "Assembly-CSharp.csproj", "{D12F5B31-EAAA-8261-70C4-2BA464E03714}"
EndProject
Global
	GlobalSection(SolutionConfigurationPlatforms) = preSolution
		Debug|Any CPU = Debug|Any CPU
		Release|Any CPU = Release|Any CPU
	EndGlobalSection
	GlobalSection(ProjectConfigurationPlatforms) = postSolution
		{D12F5B31-EAAA-8261-70C4-2BA464E03714}.Debug|Any CPU.ActiveCfg = Debug|Any CPU
		{D12F5B31-EAAA-8261-70C4-2BA464E03714}.Debug|Any CPU.Build.0 = Debug|Any CPU
		{D12F5B31-EAAA-8261-70C4-2BA464E03714}.Release|Any CPU.ActiveCfg = Release|Any CPU
		{D12F5B31-EAAA-8261-70C4-2BA464E03714}.Release|Any CPU.Build.0 = Release|Any CPU
	EndGlobalSection
	GlobalSection(SolutionProperties) = preSolution
		HideSolutionNode = FALSE
	EndGlobalSection
EndGlobal
